
Microsoft Visual Studio Solution File, Format Version 12.00
# Visual Studio Version 16
VisualStudioVersion = 16.0.31025.194
MinimumVisualStudioVersion = 10.0.40219.1
Project("{FAE04EC0-301F-11D3-BF4B-00C04F79EFBC}") = "71", "71\71.csproj", "{84B3E4B1-62B9-49F6-B2A3-4DD88E22FBEB}"
EndProject
Global
	GlobalSection(SolutionConfigurationPlatforms) = preSolution
		Debug|Any CPU = Debug|Any CPU
		Release|Any CPU = Release|Any CPU
	EndGlobalSection
	GlobalSection(ProjectConfigurationPlatforms) = postSolution
		{84B3E4B1-62B9-49F6-B2A3-4DD88E22FBEB}.Debug|Any CPU.ActiveCfg = Debug|Any CPU
		{84B3E4B1-62B9-49F6-B2A3-4DD88E22FBEB}.Debug|Any CPU.Build.0 = Debug|Any CPU
		{84B3E4B1-62B9-49F6-B2A3-4DD88E22FBEB}.Release|Any CPU.ActiveCfg = Release|Any CPU
		{84B3E4B1-62B9-49F6-B2A3-4DD88E22FBEB}.Release|Any CPU.Build.0 = Release|Any CPU
	EndGlobalSection
	GlobalSection(SolutionProperties) = preSolution
		HideSolutionNode = FALSE
	EndGlobalSection
	GlobalSection(ExtensibilityGlobals) = postSolution
		SolutionGuid = {C58934B1-0298-45B2-A0BE-4051A5C1D6BD}
	EndGlobalSection
EndGlobal
