
Microsoft Visual Studio Solution File, Format Version 12.00
# Visual Studio 15
VisualStudioVersion = 15.0.27703.2047
MinimumVisualStudioVersion = 10.0.40219.1
Project("{FAE04EC0-301F-11D3-BF4B-00C04F79EFBC}") = "131", "131\131.csproj", "{68A9287F-9D11-4298-A2FD-548CCDFFCF66}"
EndProject
Global
	GlobalSection(SolutionConfigurationPlatforms) = preSolution
		Debug|Any CPU = Debug|Any CPU
		Release|Any CPU = Release|Any CPU
	EndGlobalSection
	GlobalSection(ProjectConfigurationPlatforms) = postSolution
		{68A9287F-9D11-4298-A2FD-548CCDFFCF66}.Debug|Any CPU.ActiveCfg = Debug|Any CPU
		{68A9287F-9D11-4298-A2FD-548CCDFFCF66}.Debug|Any CPU.Build.0 = Debug|Any CPU
		{68A9287F-9D11-4298-A2FD-548CCDFFCF66}.Release|Any CPU.ActiveCfg = Release|Any CPU
		{68A9287F-9D11-4298-A2FD-548CCDFFCF66}.Release|Any CPU.Build.0 = Release|Any CPU
	EndGlobalSection
	GlobalSection(SolutionProperties) = preSolution
		HideSolutionNode = FALSE
	EndGlobalSection
	GlobalSection(ExtensibilityGlobals) = postSolution
		SolutionGuid = {6F317409-D2EC-4D71-BEAB-EF213EAFD574}
	EndGlobalSection
EndGlobal
