
Microsoft Visual Studio Solution File, Format Version 12.00
# Visual Studio 15
VisualStudioVersion = 15.0.27703.2047
MinimumVisualStudioVersion = 10.0.40219.1
Project("{FAE04EC0-301F-11D3-BF4B-00C04F79EFBC}") = "10", "10\10.csproj", "{EC939FAB-224D-44C8-BE63-C895DF996D6C}"
EndProject
Global
	GlobalSection(SolutionConfigurationPlatforms) = preSolution
		Debug|Any CPU = Debug|Any CPU
		Release|Any CPU = Release|Any CPU
	EndGlobalSection
	GlobalSection(ProjectConfigurationPlatforms) = postSolution
		{EC939FAB-224D-44C8-BE63-C895DF996D6C}.Debug|Any CPU.ActiveCfg = Debug|Any CPU
		{EC939FAB-224D-44C8-BE63-C895DF996D6C}.Debug|Any CPU.Build.0 = Debug|Any CPU
		{EC939FAB-224D-44C8-BE63-C895DF996D6C}.Release|Any CPU.ActiveCfg = Release|Any CPU
		{EC939FAB-224D-44C8-BE63-C895DF996D6C}.Release|Any CPU.Build.0 = Release|Any CPU
	EndGlobalSection
	GlobalSection(SolutionProperties) = preSolution
		HideSolutionNode = FALSE
	EndGlobalSection
	GlobalSection(ExtensibilityGlobals) = postSolution
		SolutionGuid = {594CF4A5-31FE-4065-85E8-8A0467E48835}
	EndGlobalSection
EndGlobal
