
Microsoft Visual Studio Solution File, Format Version 12.00
# Visual Studio 15
VisualStudioVersion = 15.0.27703.2047
MinimumVisualStudioVersion = 10.0.40219.1
Project("{FAE04EC0-301F-11D3-BF4B-00C04F79EFBC}") = "121", "121\121.csproj", "{7D84632A-D24F-4E5F-8BAC-4A3379B332D4}"
EndProject
Global
	GlobalSection(SolutionConfigurationPlatforms) = preSolution
		Debug|Any CPU = Debug|Any CPU
		Release|Any CPU = Release|Any CPU
	EndGlobalSection
	GlobalSection(ProjectConfigurationPlatforms) = postSolution
		{7D84632A-D24F-4E5F-8BAC-4A3379B332D4}.Debug|Any CPU.ActiveCfg = Debug|Any CPU
		{7D84632A-D24F-4E5F-8BAC-4A3379B332D4}.Debug|Any CPU.Build.0 = Debug|Any CPU
		{7D84632A-D24F-4E5F-8BAC-4A3379B332D4}.Release|Any CPU.ActiveCfg = Release|Any CPU
		{7D84632A-D24F-4E5F-8BAC-4A3379B332D4}.Release|Any CPU.Build.0 = Release|Any CPU
	EndGlobalSection
	GlobalSection(SolutionProperties) = preSolution
		HideSolutionNode = FALSE
	EndGlobalSection
	GlobalSection(ExtensibilityGlobals) = postSolution
		SolutionGuid = {DFD80279-480D-4FE0-AEB3-35D0166A5F85}
	EndGlobalSection
EndGlobal
